
Microsoft Visual Studio Solution File, Format Version 12.00
# Visual Studio Version 17
VisualStudioVersion = 17.7.34221.43
MinimumVisualStudioVersion = 10.0.40219.1
Project("{FAE04EC0-301F-11D3-BF4B-00C04F79EFBC}") = "LongestSubstringWithoutRepeatingCharacters", "LongestSubstringWithoutRepeatingCharacters\LongestSubstringWithoutRepeatingCharacters.csproj", "{5AE8CAF9-45DC-4E33-AF26-6614F01CB16C}"
EndProject
Global
	GlobalSection(SolutionConfigurationPlatforms) = preSolution
		Debug|Any CPU = Debug|Any CPU
		Release|Any CPU = Release|Any CPU
	EndGlobalSection
	GlobalSection(ProjectConfigurationPlatforms) = postSolution
		{5AE8CAF9-45DC-4E33-AF26-6614F01CB16C}.Debug|Any CPU.ActiveCfg = Debug|Any CPU
		{5AE8CAF9-45DC-4E33-AF26-6614F01CB16C}.Debug|Any CPU.Build.0 = Debug|Any CPU
		{5AE8CAF9-45DC-4E33-AF26-6614F01CB16C}.Release|Any CPU.ActiveCfg = Release|Any CPU
		{5AE8CAF9-45DC-4E33-AF26-6614F01CB16C}.Release|Any CPU.Build.0 = Release|Any CPU
	EndGlobalSection
	GlobalSection(SolutionProperties) = preSolution
		HideSolutionNode = FALSE
	EndGlobalSection
	GlobalSection(ExtensibilityGlobals) = postSolution
		SolutionGuid = {CF8BAA99-D9AC-4167-A9D6-5817B07ED5F8}
	EndGlobalSection
EndGlobal
