
Microsoft Visual Studio Solution File, Format Version 12.00
# Visual Studio 15
VisualStudioVersion = 15.0.28307.1300
MinimumVisualStudioVersion = 10.0.40219.1
Project("{FAE04EC0-301F-11D3-BF4B-00C04F79EFBC}") = "sum of number in a string", "sum of number in a string\sum of number in a string.csproj", "{7ECA30CA-8B01-4C8B-8743-29FFA0B3E506}"
EndProject
Global
	GlobalSection(SolutionConfigurationPlatforms) = preSolution
		Debug|Any CPU = Debug|Any CPU
		Release|Any CPU = Release|Any CPU
	EndGlobalSection
	GlobalSection(ProjectConfigurationPlatforms) = postSolution
		{7ECA30CA-8B01-4C8B-8743-29FFA0B3E506}.Debug|Any CPU.ActiveCfg = Debug|Any CPU
		{7ECA30CA-8B01-4C8B-8743-29FFA0B3E506}.Debug|Any CPU.Build.0 = Debug|Any CPU
		{7ECA30CA-8B01-4C8B-8743-29FFA0B3E506}.Release|Any CPU.ActiveCfg = Release|Any CPU
		{7ECA30CA-8B01-4C8B-8743-29FFA0B3E506}.Release|Any CPU.Build.0 = Release|Any CPU
	EndGlobalSection
	GlobalSection(SolutionProperties) = preSolution
		HideSolutionNode = FALSE
	EndGlobalSection
	GlobalSection(ExtensibilityGlobals) = postSolution
		SolutionGuid = {CB453C1C-A32F-46DE-9B31-7048948F2336}
	EndGlobalSection
EndGlobal
