
Microsoft Visual Studio Solution File, Format Version 12.00
# Visual Studio 15
VisualStudioVersion = 15.0.28307.1300
MinimumVisualStudioVersion = 10.0.40219.1
Project("{FAE04EC0-301F-11D3-BF4B-00C04F79EFBC}") = "Fabonaci series", "Fabonaci series\Fabonaci series.csproj", "{01624D0B-3206-43B1-912C-933F872BB649}"
EndProject
Global
	GlobalSection(SolutionConfigurationPlatforms) = preSolution
		Debug|Any CPU = Debug|Any CPU
		Release|Any CPU = Release|Any CPU
	EndGlobalSection
	GlobalSection(ProjectConfigurationPlatforms) = postSolution
		{01624D0B-3206-43B1-912C-933F872BB649}.Debug|Any CPU.ActiveCfg = Debug|Any CPU
		{01624D0B-3206-43B1-912C-933F872BB649}.Debug|Any CPU.Build.0 = Debug|Any CPU
		{01624D0B-3206-43B1-912C-933F872BB649}.Release|Any CPU.ActiveCfg = Release|Any CPU
		{01624D0B-3206-43B1-912C-933F872BB649}.Release|Any CPU.Build.0 = Release|Any CPU
	EndGlobalSection
	GlobalSection(SolutionProperties) = preSolution
		HideSolutionNode = FALSE
	EndGlobalSection
	GlobalSection(ExtensibilityGlobals) = postSolution
		SolutionGuid = {F2C40C74-A2A7-4A0B-8EEE-F547D2FCA5B4}
	EndGlobalSection
EndGlobal
