
Microsoft Visual Studio Solution File, Format Version 12.00
# Visual Studio 15
VisualStudioVersion = 15.0.28307.1300
MinimumVisualStudioVersion = 10.0.40219.1
Project("{FAE04EC0-301F-11D3-BF4B-00C04F79EFBC}") = "Remove Duplicate Characters in string", "Remove Duplicate Characters in string\Remove Duplicate Characters in string.csproj", "{9EA6853A-8789-4F95-B34A-04906F09419B}"
EndProject
Global
	GlobalSection(SolutionConfigurationPlatforms) = preSolution
		Debug|Any CPU = Debug|Any CPU
		Release|Any CPU = Release|Any CPU
	EndGlobalSection
	GlobalSection(ProjectConfigurationPlatforms) = postSolution
		{9EA6853A-8789-4F95-B34A-04906F09419B}.Debug|Any CPU.ActiveCfg = Debug|Any CPU
		{9EA6853A-8789-4F95-B34A-04906F09419B}.Debug|Any CPU.Build.0 = Debug|Any CPU
		{9EA6853A-8789-4F95-B34A-04906F09419B}.Release|Any CPU.ActiveCfg = Release|Any CPU
		{9EA6853A-8789-4F95-B34A-04906F09419B}.Release|Any CPU.Build.0 = Release|Any CPU
	EndGlobalSection
	GlobalSection(SolutionProperties) = preSolution
		HideSolutionNode = FALSE
	EndGlobalSection
	GlobalSection(ExtensibilityGlobals) = postSolution
		SolutionGuid = {DCAE0CD9-3DB1-415A-9C78-CD15707E9424}
	EndGlobalSection
EndGlobal
