
Microsoft Visual Studio Solution File, Format Version 12.00
# Visual Studio Version 17
VisualStudioVersion = 17.7.34221.43
MinimumVisualStudioVersion = 10.0.40219.1
Project("{FAE04EC0-301F-11D3-BF4B-00C04F79EFBC}") = "ReverseStringLogical", "ReverseStringLogical\ReverseStringLogical.csproj", "{78E9D02D-BE01-42EC-B67A-E162F2E5B68A}"
EndProject
Global
	GlobalSection(SolutionConfigurationPlatforms) = preSolution
		Debug|Any CPU = Debug|Any CPU
		Release|Any CPU = Release|Any CPU
	EndGlobalSection
	GlobalSection(ProjectConfigurationPlatforms) = postSolution
		{78E9D02D-BE01-42EC-B67A-E162F2E5B68A}.Debug|Any CPU.ActiveCfg = Debug|Any CPU
		{78E9D02D-BE01-42EC-B67A-E162F2E5B68A}.Debug|Any CPU.Build.0 = Debug|Any CPU
		{78E9D02D-BE01-42EC-B67A-E162F2E5B68A}.Release|Any CPU.ActiveCfg = Release|Any CPU
		{78E9D02D-BE01-42EC-B67A-E162F2E5B68A}.Release|Any CPU.Build.0 = Release|Any CPU
	EndGlobalSection
	GlobalSection(SolutionProperties) = preSolution
		HideSolutionNode = FALSE
	EndGlobalSection
	GlobalSection(ExtensibilityGlobals) = postSolution
		SolutionGuid = {850228D9-CAE3-4F71-8BFC-23EAFC832925}
	EndGlobalSection
EndGlobal
