
Microsoft Visual Studio Solution File, Format Version 12.00
# Visual Studio Version 17
VisualStudioVersion = 17.7.34221.43
MinimumVisualStudioVersion = 10.0.40219.1
Project("{FAE04EC0-301F-11D3-BF4B-00C04F79EFBC}") = "StudentAPI", "StudentAPI\StudentAPI.csproj", "{1C1F191B-9DE5-43E4-9970-21ED9115C0F9}"
EndProject
Global
	GlobalSection(SolutionConfigurationPlatforms) = preSolution
		Debug|Any CPU = Debug|Any CPU
		Release|Any CPU = Release|Any CPU
	EndGlobalSection
	GlobalSection(ProjectConfigurationPlatforms) = postSolution
		{1C1F191B-9DE5-43E4-9970-21ED9115C0F9}.Debug|Any CPU.ActiveCfg = Debug|Any CPU
		{1C1F191B-9DE5-43E4-9970-21ED9115C0F9}.Debug|Any CPU.Build.0 = Debug|Any CPU
		{1C1F191B-9DE5-43E4-9970-21ED9115C0F9}.Release|Any CPU.ActiveCfg = Release|Any CPU
		{1C1F191B-9DE5-43E4-9970-21ED9115C0F9}.Release|Any CPU.Build.0 = Release|Any CPU
	EndGlobalSection
	GlobalSection(SolutionProperties) = preSolution
		HideSolutionNode = FALSE
	EndGlobalSection
	GlobalSection(ExtensibilityGlobals) = postSolution
		SolutionGuid = {F9A4341E-0650-44FD-8846-39030157E9E8}
	EndGlobalSection
EndGlobal
